
Microsoft Visual Studio Solution File, Format Version 12.00
# Visual Studio 2013
VisualStudioVersion = 12.0.21005.1
MinimumVisualStudioVersion = 10.0.40219.1
Project("{FAE04EC0-301F-11D3-BF4B-00C04F79EFBC}") = "DataBase-sql", "DataBase-sql\DataBase-sql.csproj", "{F876FDE0-59A7-45A3-98AE-F7E6F1F884EC}"
EndProject
Global
	GlobalSection(SolutionConfigurationPlatforms) = preSolution
		Debug|Any CPU = Debug|Any CPU
		Release|Any CPU = Release|Any CPU
	EndGlobalSection
	GlobalSection(ProjectConfigurationPlatforms) = postSolution
		{F876FDE0-59A7-45A3-98AE-F7E6F1F884EC}.Debug|Any CPU.ActiveCfg = Debug|Any CPU
		{F876FDE0-59A7-45A3-98AE-F7E6F1F884EC}.Debug|Any CPU.Build.0 = Debug|Any CPU
		{F876FDE0-59A7-45A3-98AE-F7E6F1F884EC}.Release|Any CPU.ActiveCfg = Release|Any CPU
		{F876FDE0-59A7-45A3-98AE-F7E6F1F884EC}.Release|Any CPU.Build.0 = Release|Any CPU
	EndGlobalSection
	GlobalSection(SolutionProperties) = preSolution
		HideSolutionNode = FALSE
	EndGlobalSection
EndGlobal
